
Microsoft Visual Studio Solution File, Format Version 12.00
# Visual Studio Version 16
VisualStudioVersion = 16.0.31624.102
MinimumVisualStudioVersion = 10.0.40219.1
Project("{9A19103F-16F7-4668-BE54-9A1E7A4F7556}") = "Kata", "Kata\Kata.csproj", "{170A1F0C-1D54-4CFA-B367-264C9A953C04}"
	ProjectSection(ProjectDependencies) = postProject
		{53D5490A-4D56-47AF-B223-09795AF5CF3D} = {53D5490A-4D56-47AF-B223-09795AF5CF3D}
		{D36EDBC9-793D-40FB-915A-8CC48CDAA180} = {D36EDBC9-793D-40FB-915A-8CC48CDAA180}
		{BC4B61FF-5731-413C-89E1-0BC47160FB22} = {BC4B61FF-5731-413C-89E1-0BC47160FB22}
	EndProjectSection
EndProject
Project("{9A19103F-16F7-4668-BE54-9A1E7A4F7556}") = "CustomTypes", "CustomTypes\CustomTypes.csproj", "{D36EDBC9-793D-40FB-915A-8CC48CDAA180}"
EndProject
Project("{9A19103F-16F7-4668-BE54-9A1E7A4F7556}") = "Demos", "Demos\Demos.csproj", "{BC4B61FF-5731-413C-89E1-0BC47160FB22}"
EndProject
Project("{9A19103F-16F7-4668-BE54-9A1E7A4F7556}") = "Helpers", "Helpers\Helpers.csproj", "{53D5490A-4D56-47AF-B223-09795AF5CF3D}"
EndProject
Project("{9A19103F-16F7-4668-BE54-9A1E7A4F7556}") = "Services", "Services\Services.csproj", "{47483AA2-B86B-4435-AD7B-11DD608B0FB2}"
EndProject
Project("{FAE04EC0-301F-11D3-BF4B-00C04F79EFBC}") = "DataServices", "DataServices\DataServices.csproj", "{4FA91D58-79D0-40E1-A2E4-0B738E04724C}"
EndProject
Global
	GlobalSection(SolutionConfigurationPlatforms) = preSolution
		Debug|Any CPU = Debug|Any CPU
		Release|Any CPU = Release|Any CPU
	EndGlobalSection
	GlobalSection(ProjectConfigurationPlatforms) = postSolution
		{170A1F0C-1D54-4CFA-B367-264C9A953C04}.Debug|Any CPU.ActiveCfg = Debug|Any CPU
		{170A1F0C-1D54-4CFA-B367-264C9A953C04}.Debug|Any CPU.Build.0 = Debug|Any CPU
		{170A1F0C-1D54-4CFA-B367-264C9A953C04}.Release|Any CPU.ActiveCfg = Release|Any CPU
		{170A1F0C-1D54-4CFA-B367-264C9A953C04}.Release|Any CPU.Build.0 = Release|Any CPU
		{D36EDBC9-793D-40FB-915A-8CC48CDAA180}.Debug|Any CPU.ActiveCfg = Debug|Any CPU
		{D36EDBC9-793D-40FB-915A-8CC48CDAA180}.Debug|Any CPU.Build.0 = Debug|Any CPU
		{D36EDBC9-793D-40FB-915A-8CC48CDAA180}.Release|Any CPU.ActiveCfg = Release|Any CPU
		{D36EDBC9-793D-40FB-915A-8CC48CDAA180}.Release|Any CPU.Build.0 = Release|Any CPU
		{BC4B61FF-5731-413C-89E1-0BC47160FB22}.Debug|Any CPU.ActiveCfg = Debug|Any CPU
		{BC4B61FF-5731-413C-89E1-0BC47160FB22}.Debug|Any CPU.Build.0 = Debug|Any CPU
		{BC4B61FF-5731-413C-89E1-0BC47160FB22}.Release|Any CPU.ActiveCfg = Release|Any CPU
		{BC4B61FF-5731-413C-89E1-0BC47160FB22}.Release|Any CPU.Build.0 = Release|Any CPU
		{53D5490A-4D56-47AF-B223-09795AF5CF3D}.Debug|Any CPU.ActiveCfg = Debug|Any CPU
		{53D5490A-4D56-47AF-B223-09795AF5CF3D}.Debug|Any CPU.Build.0 = Debug|Any CPU
		{53D5490A-4D56-47AF-B223-09795AF5CF3D}.Release|Any CPU.ActiveCfg = Release|Any CPU
		{53D5490A-4D56-47AF-B223-09795AF5CF3D}.Release|Any CPU.Build.0 = Release|Any CPU
		{47483AA2-B86B-4435-AD7B-11DD608B0FB2}.Debug|Any CPU.ActiveCfg = Debug|Any CPU
		{47483AA2-B86B-4435-AD7B-11DD608B0FB2}.Debug|Any CPU.Build.0 = Debug|Any CPU
		{47483AA2-B86B-4435-AD7B-11DD608B0FB2}.Release|Any CPU.ActiveCfg = Release|Any CPU
		{47483AA2-B86B-4435-AD7B-11DD608B0FB2}.Release|Any CPU.Build.0 = Release|Any CPU
		{4FA91D58-79D0-40E1-A2E4-0B738E04724C}.Debug|Any CPU.ActiveCfg = Debug|Any CPU
		{4FA91D58-79D0-40E1-A2E4-0B738E04724C}.Debug|Any CPU.Build.0 = Debug|Any CPU
		{4FA91D58-79D0-40E1-A2E4-0B738E04724C}.Release|Any CPU.ActiveCfg = Release|Any CPU
		{4FA91D58-79D0-40E1-A2E4-0B738E04724C}.Release|Any CPU.Build.0 = Release|Any CPU
	EndGlobalSection
	GlobalSection(SolutionProperties) = preSolution
		HideSolutionNode = FALSE
	EndGlobalSection
	GlobalSection(ExtensibilityGlobals) = postSolution
		SolutionGuid = {DB3FDDBD-FAB7-4DC6-83D5-8700591F139A}
	EndGlobalSection
EndGlobal
